
Microsoft Visual Studio Solution File, Format Version 12.00
# Visual Studio Version 16
VisualStudioVersion = 16.0.31624.102
MinimumVisualStudioVersion = 10.0.40219.1
Project("{2150E333-8FDC-42A3-9474-1A3956D46DE8}") = "Web", "Web", "{64E02AFC-2BC0-432A-BC8F-486D7DDA5DEE}"
EndProject
Project("{2150E333-8FDC-42A3-9474-1A3956D46DE8}") = "Data", "Data", "{7C960B46-F96C-40F4-97D3-6817A28C4B4A}"
EndProject
Project("{2150E333-8FDC-42A3-9474-1A3956D46DE8}") = "Services", "Services", "{733ED2D4-4C36-4524-B16C-2A7DAA84A3A9}"
EndProject
Project("{2150E333-8FDC-42A3-9474-1A3956D46DE8}") = "Tests", "Tests", "{AC3D0B74-B605-4792-A945-4FEA99215231}"
EndProject
Project("{9A19103F-16F7-4668-BE54-9A1E7A4F7556}") = "Sandbox", "Server\Tests\Sandbox\Sandbox.csproj", "{A84EF6A6-F47D-410C-9D9D-9ECF45031AA7}"
EndProject
Project("{9A19103F-16F7-4668-BE54-9A1E7A4F7556}") = "Kefche.Data", "Server\Data\Kefche..Data\Kefche.Data.csproj", "{89FA8AB2-CDB6-4CF5-8745-76065D437DCB}"
EndProject
Project("{9A19103F-16F7-4668-BE54-9A1E7A4F7556}") = "Kefche.Data.Common", "Server\Data\Kefche.Data.Common\Kefche.Data.Common.csproj", "{CF7A4029-7C82-4DE6-A001-3875126E6BB1}"
EndProject
Project("{9A19103F-16F7-4668-BE54-9A1E7A4F7556}") = "Kefche.Data.Models", "Server\Data\Kefche.Data.Models\Kefche.Data.Models.csproj", "{9E8F73EA-A84E-4520-9FA7-B689888F4768}"
EndProject
Project("{9A19103F-16F7-4668-BE54-9A1E7A4F7556}") = "Kefche.Service.Models", "Server\Services\Kefche.Service.Models\Kefche.Service.Models.csproj", "{2BC5DEAF-6DF2-4A0B-8085-FAFC7CB1049B}"
EndProject
Project("{9A19103F-16F7-4668-BE54-9A1E7A4F7556}") = "Kefche.Services", "Server\Services\Kefche.Services\Kefche.Services.csproj", "{2A32B958-7AB9-4731-B9CB-6055E2FBCB51}"
EndProject
Project("{9A19103F-16F7-4668-BE54-9A1E7A4F7556}") = "Kefche.Services.Data", "Server\Services\Kefche.Services.Data\Kefche.Services.Data.csproj", "{125D0DBA-2407-4A7D-A00A-84109E2DC27E}"
EndProject
Project("{9A19103F-16F7-4668-BE54-9A1E7A4F7556}") = "Kefche.Services.Mapping", "Server\Services\Kefche.Services.Mapping\Kefche.Services.Mapping.csproj", "{F038D1F4-4EE6-43C5-9AE2-F04C125C2B6E}"
EndProject
Project("{9A19103F-16F7-4668-BE54-9A1E7A4F7556}") = "Kefche.Services.Messaging", "Server\Services\Kefche.Services.Messaging\Kefche.Services.Messaging.csproj", "{57C63DA1-19DA-45BC-9DE9-46E587BE9C76}"
EndProject
Project("{9A19103F-16F7-4668-BE54-9A1E7A4F7556}") = "Kefche.Services.Data.Tests", "Server\Tests\Kefche.Services.Data.Tests\Kefche.Services.Data.Tests.csproj", "{8A97C7EB-42E9-4CEC-BB84-FB1BD8800F89}"
EndProject
Project("{9A19103F-16F7-4668-BE54-9A1E7A4F7556}") = "Kefche", "Server\Web\Kefche\Kefche.csproj", "{06F343A8-DC9D-4F5B-B2CC-BBB0A6CCAB70}"
EndProject
Project("{9A19103F-16F7-4668-BE54-9A1E7A4F7556}") = "Kefche.Web.Infrastructure", "Server\Web\Kefche.Web.Infrastructure\Kefche.Web.Infrastructure.csproj", "{1DDB8AE9-E951-42C1-958B-32C81DCB3C6B}"
EndProject
Project("{9A19103F-16F7-4668-BE54-9A1E7A4F7556}") = "Kefche.Web.Models", "Server\Web\Kefche.Web.ViewModels\Kefche.Web.Models.csproj", "{F0340D86-1B63-435F-8EC8-49ED52CAB029}"
EndProject
Project("{9A19103F-16F7-4668-BE54-9A1E7A4F7556}") = "Kefche.Common", "Server\Kefche..Common\Kefche.Common.csproj", "{9AEF5289-CF9F-4442-8A7A-1D8BA2825D05}"
EndProject
Global
	GlobalSection(SolutionConfigurationPlatforms) = preSolution
		Debug|Any CPU = Debug|Any CPU
		Release|Any CPU = Release|Any CPU
	EndGlobalSection
	GlobalSection(ProjectConfigurationPlatforms) = postSolution
		{A84EF6A6-F47D-410C-9D9D-9ECF45031AA7}.Debug|Any CPU.ActiveCfg = Debug|Any CPU
		{A84EF6A6-F47D-410C-9D9D-9ECF45031AA7}.Debug|Any CPU.Build.0 = Debug|Any CPU
		{A84EF6A6-F47D-410C-9D9D-9ECF45031AA7}.Release|Any CPU.ActiveCfg = Release|Any CPU
		{A84EF6A6-F47D-410C-9D9D-9ECF45031AA7}.Release|Any CPU.Build.0 = Release|Any CPU
		{89FA8AB2-CDB6-4CF5-8745-76065D437DCB}.Debug|Any CPU.ActiveCfg = Debug|Any CPU
		{89FA8AB2-CDB6-4CF5-8745-76065D437DCB}.Debug|Any CPU.Build.0 = Debug|Any CPU
		{89FA8AB2-CDB6-4CF5-8745-76065D437DCB}.Release|Any CPU.ActiveCfg = Release|Any CPU
		{89FA8AB2-CDB6-4CF5-8745-76065D437DCB}.Release|Any CPU.Build.0 = Release|Any CPU
		{CF7A4029-7C82-4DE6-A001-3875126E6BB1}.Debug|Any CPU.ActiveCfg = Debug|Any CPU
		{CF7A4029-7C82-4DE6-A001-3875126E6BB1}.Debug|Any CPU.Build.0 = Debug|Any CPU
		{CF7A4029-7C82-4DE6-A001-3875126E6BB1}.Release|Any CPU.ActiveCfg = Release|Any CPU
		{CF7A4029-7C82-4DE6-A001-3875126E6BB1}.Release|Any CPU.Build.0 = Release|Any CPU
		{9E8F73EA-A84E-4520-9FA7-B689888F4768}.Debug|Any CPU.ActiveCfg = Debug|Any CPU
		{9E8F73EA-A84E-4520-9FA7-B689888F4768}.Debug|Any CPU.Build.0 = Debug|Any CPU
		{9E8F73EA-A84E-4520-9FA7-B689888F4768}.Release|Any CPU.ActiveCfg = Release|Any CPU
		{9E8F73EA-A84E-4520-9FA7-B689888F4768}.Release|Any CPU.Build.0 = Release|Any CPU
		{2BC5DEAF-6DF2-4A0B-8085-FAFC7CB1049B}.Debug|Any CPU.ActiveCfg = Debug|Any CPU
		{2BC5DEAF-6DF2-4A0B-8085-FAFC7CB1049B}.Debug|Any CPU.Build.0 = Debug|Any CPU
		{2BC5DEAF-6DF2-4A0B-8085-FAFC7CB1049B}.Release|Any CPU.ActiveCfg = Release|Any CPU
		{2BC5DEAF-6DF2-4A0B-8085-FAFC7CB1049B}.Release|Any CPU.Build.0 = Release|Any CPU
		{2A32B958-7AB9-4731-B9CB-6055E2FBCB51}.Debug|Any CPU.ActiveCfg = Debug|Any CPU
		{2A32B958-7AB9-4731-B9CB-6055E2FBCB51}.Debug|Any CPU.Build.0 = Debug|Any CPU
		{2A32B958-7AB9-4731-B9CB-6055E2FBCB51}.Release|Any CPU.ActiveCfg = Release|Any CPU
		{2A32B958-7AB9-4731-B9CB-6055E2FBCB51}.Release|Any CPU.Build.0 = Release|Any CPU
		{125D0DBA-2407-4A7D-A00A-84109E2DC27E}.Debug|Any CPU.ActiveCfg = Debug|Any CPU
		{125D0DBA-2407-4A7D-A00A-84109E2DC27E}.Debug|Any CPU.Build.0 = Debug|Any CPU
		{125D0DBA-2407-4A7D-A00A-84109E2DC27E}.Release|Any CPU.ActiveCfg = Release|Any CPU
		{125D0DBA-2407-4A7D-A00A-84109E2DC27E}.Release|Any CPU.Build.0 = Release|Any CPU
		{F038D1F4-4EE6-43C5-9AE2-F04C125C2B6E}.Debug|Any CPU.ActiveCfg = Debug|Any CPU
		{F038D1F4-4EE6-43C5-9AE2-F04C125C2B6E}.Debug|Any CPU.Build.0 = Debug|Any CPU
		{F038D1F4-4EE6-43C5-9AE2-F04C125C2B6E}.Release|Any CPU.ActiveCfg = Release|Any CPU
		{F038D1F4-4EE6-43C5-9AE2-F04C125C2B6E}.Release|Any CPU.Build.0 = Release|Any CPU
		{57C63DA1-19DA-45BC-9DE9-46E587BE9C76}.Debug|Any CPU.ActiveCfg = Debug|Any CPU
		{57C63DA1-19DA-45BC-9DE9-46E587BE9C76}.Debug|Any CPU.Build.0 = Debug|Any CPU
		{57C63DA1-19DA-45BC-9DE9-46E587BE9C76}.Release|Any CPU.ActiveCfg = Release|Any CPU
		{57C63DA1-19DA-45BC-9DE9-46E587BE9C76}.Release|Any CPU.Build.0 = Release|Any CPU
		{8A97C7EB-42E9-4CEC-BB84-FB1BD8800F89}.Debug|Any CPU.ActiveCfg = Debug|Any CPU
		{8A97C7EB-42E9-4CEC-BB84-FB1BD8800F89}.Debug|Any CPU.Build.0 = Debug|Any CPU
		{8A97C7EB-42E9-4CEC-BB84-FB1BD8800F89}.Release|Any CPU.ActiveCfg = Release|Any CPU
		{8A97C7EB-42E9-4CEC-BB84-FB1BD8800F89}.Release|Any CPU.Build.0 = Release|Any CPU
		{06F343A8-DC9D-4F5B-B2CC-BBB0A6CCAB70}.Debug|Any CPU.ActiveCfg = Debug|Any CPU
		{06F343A8-DC9D-4F5B-B2CC-BBB0A6CCAB70}.Debug|Any CPU.Build.0 = Debug|Any CPU
		{06F343A8-DC9D-4F5B-B2CC-BBB0A6CCAB70}.Release|Any CPU.ActiveCfg = Release|Any CPU
		{06F343A8-DC9D-4F5B-B2CC-BBB0A6CCAB70}.Release|Any CPU.Build.0 = Release|Any CPU
		{1DDB8AE9-E951-42C1-958B-32C81DCB3C6B}.Debug|Any CPU.ActiveCfg = Debug|Any CPU
		{1DDB8AE9-E951-42C1-958B-32C81DCB3C6B}.Debug|Any CPU.Build.0 = Debug|Any CPU
		{1DDB8AE9-E951-42C1-958B-32C81DCB3C6B}.Release|Any CPU.ActiveCfg = Release|Any CPU
		{1DDB8AE9-E951-42C1-958B-32C81DCB3C6B}.Release|Any CPU.Build.0 = Release|Any CPU
		{F0340D86-1B63-435F-8EC8-49ED52CAB029}.Debug|Any CPU.ActiveCfg = Debug|Any CPU
		{F0340D86-1B63-435F-8EC8-49ED52CAB029}.Debug|Any CPU.Build.0 = Debug|Any CPU
		{F0340D86-1B63-435F-8EC8-49ED52CAB029}.Release|Any CPU.ActiveCfg = Release|Any CPU
		{F0340D86-1B63-435F-8EC8-49ED52CAB029}.Release|Any CPU.Build.0 = Release|Any CPU
		{9AEF5289-CF9F-4442-8A7A-1D8BA2825D05}.Debug|Any CPU.ActiveCfg = Debug|Any CPU
		{9AEF5289-CF9F-4442-8A7A-1D8BA2825D05}.Debug|Any CPU.Build.0 = Debug|Any CPU
		{9AEF5289-CF9F-4442-8A7A-1D8BA2825D05}.Release|Any CPU.ActiveCfg = Release|Any CPU
		{9AEF5289-CF9F-4442-8A7A-1D8BA2825D05}.Release|Any CPU.Build.0 = Release|Any CPU
	EndGlobalSection
	GlobalSection(SolutionProperties) = preSolution
		HideSolutionNode = FALSE
	EndGlobalSection
	GlobalSection(NestedProjects) = preSolution
		{A84EF6A6-F47D-410C-9D9D-9ECF45031AA7} = {AC3D0B74-B605-4792-A945-4FEA99215231}
		{89FA8AB2-CDB6-4CF5-8745-76065D437DCB} = {7C960B46-F96C-40F4-97D3-6817A28C4B4A}
		{CF7A4029-7C82-4DE6-A001-3875126E6BB1} = {7C960B46-F96C-40F4-97D3-6817A28C4B4A}
		{9E8F73EA-A84E-4520-9FA7-B689888F4768} = {7C960B46-F96C-40F4-97D3-6817A28C4B4A}
		{2BC5DEAF-6DF2-4A0B-8085-FAFC7CB1049B} = {733ED2D4-4C36-4524-B16C-2A7DAA84A3A9}
		{2A32B958-7AB9-4731-B9CB-6055E2FBCB51} = {733ED2D4-4C36-4524-B16C-2A7DAA84A3A9}
		{125D0DBA-2407-4A7D-A00A-84109E2DC27E} = {733ED2D4-4C36-4524-B16C-2A7DAA84A3A9}
		{F038D1F4-4EE6-43C5-9AE2-F04C125C2B6E} = {733ED2D4-4C36-4524-B16C-2A7DAA84A3A9}
		{57C63DA1-19DA-45BC-9DE9-46E587BE9C76} = {733ED2D4-4C36-4524-B16C-2A7DAA84A3A9}
		{8A97C7EB-42E9-4CEC-BB84-FB1BD8800F89} = {AC3D0B74-B605-4792-A945-4FEA99215231}
		{06F343A8-DC9D-4F5B-B2CC-BBB0A6CCAB70} = {64E02AFC-2BC0-432A-BC8F-486D7DDA5DEE}
		{1DDB8AE9-E951-42C1-958B-32C81DCB3C6B} = {64E02AFC-2BC0-432A-BC8F-486D7DDA5DEE}
		{F0340D86-1B63-435F-8EC8-49ED52CAB029} = {64E02AFC-2BC0-432A-BC8F-486D7DDA5DEE}
	EndGlobalSection
	GlobalSection(ExtensibilityGlobals) = postSolution
		SolutionGuid = {3EC2828D-958B-48A1-9E7C-9E0D2D538067}
	EndGlobalSection
EndGlobal
